
Microsoft Visual Studio Solution File, Format Version 12.00
# Visual Studio Version 16
VisualStudioVersion = 16.0.30907.101
MinimumVisualStudioVersion = 10.0.40219.1
Project("{9A19103F-16F7-4668-BE54-9A1E7A4F7556}") = "VirtualizingWrapPanel", "VirtualizingWrapPanel\VirtualizingWrapPanel.csproj", "{718FC319-412D-459D-918A-7EAED43561F1}"
EndProject
Project("{9A19103F-16F7-4668-BE54-9A1E7A4F7556}") = "VirtualizingWrapPanel.Sample", "VirtualizingWrapPanel.Sample\VirtualizingWrapPanel.Sample.csproj", "{5293AB65-1EC4-48CF-B740-3DC98B13421E}"
EndProject
Global
	GlobalSection(SolutionConfigurationPlatforms) = preSolution
		Debug|Any CPU = Debug|Any CPU
		Release|Any CPU = Release|Any CPU
	EndGlobalSection
	GlobalSection(ProjectConfigurationPlatforms) = postSolution
		{718FC319-412D-459D-918A-7EAED43561F1}.Debug|Any CPU.ActiveCfg = Debug|Any CPU
		{718FC319-412D-459D-918A-7EAED43561F1}.Debug|Any CPU.Build.0 = Debug|Any CPU
		{718FC319-412D-459D-918A-7EAED43561F1}.Release|Any CPU.ActiveCfg = Release|Any CPU
		{718FC319-412D-459D-918A-7EAED43561F1}.Release|Any CPU.Build.0 = Release|Any CPU
		{5293AB65-1EC4-48CF-B740-3DC98B13421E}.Debug|Any CPU.ActiveCfg = Debug|Any CPU
		{5293AB65-1EC4-48CF-B740-3DC98B13421E}.Debug|Any CPU.Build.0 = Debug|Any CPU
		{5293AB65-1EC4-48CF-B740-3DC98B13421E}.Release|Any CPU.ActiveCfg = Release|Any CPU
		{5293AB65-1EC4-48CF-B740-3DC98B13421E}.Release|Any CPU.Build.0 = Release|Any CPU
	EndGlobalSection
	GlobalSection(SolutionProperties) = preSolution
		HideSolutionNode = FALSE
	EndGlobalSection
	GlobalSection(ExtensibilityGlobals) = postSolution
		SolutionGuid = {640A3A21-CE2F-44F0-A097-19E6A9B90958}
	EndGlobalSection
EndGlobal
